
Microsoft Visual Studio Solution File, Format Version 12.00
# Visual Studio Version 17
VisualStudioVersion = 17.3.32901.215
MinimumVisualStudioVersion = 10.0.40219.1
Project("{9A19103F-16F7-4668-BE54-9A1E7A4F7556}") = "CurrencyConverter", "CurrencyConverter\CurrencyConverter.csproj", "{1AA4CEF9-8EF5-4848-8F31-7A3B9881ECB5}"
EndProject
Project("{9A19103F-16F7-4668-BE54-9A1E7A4F7556}") = "CurrencyConverter.Application", "CurrencyConverter.Application\CurrencyConverter.Application.csproj", "{78E5374E-3DEC-4FA4-9C2A-2FEDFB894402}"
EndProject
Project("{9A19103F-16F7-4668-BE54-9A1E7A4F7556}") = "CurrencyConverter.Integration.Tests", "CurrencyConverter.Integration.Tests\CurrencyConverter.Integration.Tests.csproj", "{AA50F607-CEBE-47E4-88B6-583049BEE980}"
EndProject
Project("{9A19103F-16F7-4668-BE54-9A1E7A4F7556}") = "CurrencyConverter.Application.Tests", "CurrencyConverter.Application.Tests\CurrencyConverter.Application.Tests.csproj", "{093ED8FB-E513-40D8-BD18-ABA9CF2C0AE1}"
EndProject
Project("{2150E333-8FDC-42A3-9474-1A3956D46DE8}") = "SolutionIitems", "SolutionIitems", "{40558C10-4F28-4CCF-AF03-59D0403A3641}"
	ProjectSection(SolutionItems) = preProject
		..\.github\workflows\codeql-analysis.yml = ..\.github\workflows\codeql-analysis.yml
		..\.github\workflows\dotnet.yml = ..\.github\workflows\dotnet.yml
	EndProjectSection
EndProject
Project("{9A19103F-16F7-4668-BE54-9A1E7A4F7556}") = "CurrencyConverter.ExchangeRatesApi.Client", "CurrencyConverter.ExchangeRatesApi.Client\CurrencyConverter.ExchangeRatesApi.Client.csproj", "{71CEBAD8-9BBB-4D1B-BAB8-357EF3437241}"
EndProject
Project("{9A19103F-16F7-4668-BE54-9A1E7A4F7556}") = "CurrencyConverter.ExchangeRatesApi.Client.Tests", "CurrencyConverter.ExchangeRatesApi.Client.Tests\CurrencyConverter.ExchangeRatesApi.Client.Tests.csproj", "{3E3EA940-0D45-4EBC-8699-554644AEF359}"
EndProject
Global
	GlobalSection(SolutionConfigurationPlatforms) = preSolution
		Debug|Any CPU = Debug|Any CPU
		Release|Any CPU = Release|Any CPU
	EndGlobalSection
	GlobalSection(ProjectConfigurationPlatforms) = postSolution
		{1AA4CEF9-8EF5-4848-8F31-7A3B9881ECB5}.Debug|Any CPU.ActiveCfg = Debug|Any CPU
		{1AA4CEF9-8EF5-4848-8F31-7A3B9881ECB5}.Debug|Any CPU.Build.0 = Debug|Any CPU
		{1AA4CEF9-8EF5-4848-8F31-7A3B9881ECB5}.Release|Any CPU.ActiveCfg = Release|Any CPU
		{1AA4CEF9-8EF5-4848-8F31-7A3B9881ECB5}.Release|Any CPU.Build.0 = Release|Any CPU
		{78E5374E-3DEC-4FA4-9C2A-2FEDFB894402}.Debug|Any CPU.ActiveCfg = Debug|Any CPU
		{78E5374E-3DEC-4FA4-9C2A-2FEDFB894402}.Debug|Any CPU.Build.0 = Debug|Any CPU
		{78E5374E-3DEC-4FA4-9C2A-2FEDFB894402}.Release|Any CPU.ActiveCfg = Release|Any CPU
		{78E5374E-3DEC-4FA4-9C2A-2FEDFB894402}.Release|Any CPU.Build.0 = Release|Any CPU
		{AA50F607-CEBE-47E4-88B6-583049BEE980}.Debug|Any CPU.ActiveCfg = Debug|Any CPU
		{AA50F607-CEBE-47E4-88B6-583049BEE980}.Debug|Any CPU.Build.0 = Debug|Any CPU
		{AA50F607-CEBE-47E4-88B6-583049BEE980}.Release|Any CPU.ActiveCfg = Release|Any CPU
		{AA50F607-CEBE-47E4-88B6-583049BEE980}.Release|Any CPU.Build.0 = Release|Any CPU
		{093ED8FB-E513-40D8-BD18-ABA9CF2C0AE1}.Debug|Any CPU.ActiveCfg = Debug|Any CPU
		{093ED8FB-E513-40D8-BD18-ABA9CF2C0AE1}.Debug|Any CPU.Build.0 = Debug|Any CPU
		{093ED8FB-E513-40D8-BD18-ABA9CF2C0AE1}.Release|Any CPU.ActiveCfg = Release|Any CPU
		{093ED8FB-E513-40D8-BD18-ABA9CF2C0AE1}.Release|Any CPU.Build.0 = Release|Any CPU
		{71CEBAD8-9BBB-4D1B-BAB8-357EF3437241}.Debug|Any CPU.ActiveCfg = Debug|Any CPU
		{71CEBAD8-9BBB-4D1B-BAB8-357EF3437241}.Debug|Any CPU.Build.0 = Debug|Any CPU
		{71CEBAD8-9BBB-4D1B-BAB8-357EF3437241}.Release|Any CPU.ActiveCfg = Release|Any CPU
		{71CEBAD8-9BBB-4D1B-BAB8-357EF3437241}.Release|Any CPU.Build.0 = Release|Any CPU
		{3E3EA940-0D45-4EBC-8699-554644AEF359}.Debug|Any CPU.ActiveCfg = Debug|Any CPU
		{3E3EA940-0D45-4EBC-8699-554644AEF359}.Debug|Any CPU.Build.0 = Debug|Any CPU
		{3E3EA940-0D45-4EBC-8699-554644AEF359}.Release|Any CPU.ActiveCfg = Release|Any CPU
		{3E3EA940-0D45-4EBC-8699-554644AEF359}.Release|Any CPU.Build.0 = Release|Any CPU
	EndGlobalSection
	GlobalSection(SolutionProperties) = preSolution
		HideSolutionNode = FALSE
	EndGlobalSection
	GlobalSection(ExtensibilityGlobals) = postSolution
		SolutionGuid = {66E15070-99AE-4038-9FCE-1D60902794D2}
	EndGlobalSection
EndGlobal
